// !$*UTF8*$!
{
	archiveVersion = 1;
	classes = {
	};
	objectVersion = 46;
	objects = {

/* Begin PBXBuildFile section */
		99D44B2C1CCDA86D005AB085 /* main.m in Sources */ = {isa = PBXBuildFile; fileRef = 99D44B2B1CCDA86D005AB085 /* main.m */; };
		99D44B2F1CCDA86D005AB085 /* AppDelegate.m in Sources */ = {isa = PBXBuildFile; fileRef = 99D44B2E1CCDA86D005AB085 /* AppDelegate.m */; };
		99D44B321CCDA86D005AB085 /* ViewController.m in Sources */ = {isa = PBXBuildFile; fileRef = 99D44B311CCDA86D005AB085 /* ViewController.m */; };
		99D44B351CCDA86D005AB085 /* Main.storyboard in Resources */ = {isa = PBXBuildFile; fileRef = 99D44B331CCDA86D005AB085 /* Main.storyboard */; };
		99D44B371CCDA86D005AB085 /* Assets.xcassets in Resources */ = {isa = PBXBuildFile; fileRef = 99D44B361CCDA86D005AB085 /* Assets.xcassets */; };
		99D44B3A1CCDA86D005AB085 /* LaunchScreen.storyboard in Resources */ = {isa = PBXBuildFile; fileRef = 99D44B381CCDA86D005AB085 /* LaunchScreen.storyboard */; };
/* End PBXBuildFile section */

/* Begin PBXFileReference section */
		99D44B271CCDA86D005AB085 /* ChatToOther.app */ = {isa = PBXFileReference; explicitFileType = wrapper.application; includeInIndex = 0; path = ChatToOther.app; sourceTree = BUILT_PRODUCTS_DIR; };
		99D44B2B1CCDA86D005AB085 /* main.m */ = {isa = PBXFileReference; lastKnownFileType = sourcecode.c.objc; path = main.m; sourceTree = "<group>"; };
		99D44B2D1CCDA86D005AB085 /* AppDelegate.h */ = {isa = PBXFileReference; lastKnownFileType = sourcecode.c.h; path = AppDelegate.h; sourceTree = "<group>"; };
		99D44B2E1CCDA86D005AB085 /* AppDelegate.m */ = {isa = PBXFileReference; lastKnownFileType = sourcecode.c.objc; path = AppDelegate.m; sourceTree = "<group>"; };
		99D44B301CCDA86D005AB085 /* ViewController.h */ = {isa = PBXFileReference; lastKnownFileType = sourcecode.c.h; path = ViewController.h; sourceTree = "<group>"; };
		99D44B311CCDA86D005AB085 /* ViewController.m */ = {isa = PBXFileReference; lastKnownFileType = sourcecode.c.objc; path = ViewController.m; sourceTree = "<group>"; };
		99D44B341CCDA86D005AB085 /* Base */ = {isa = PBXFileReference; lastKnownFileType = file.storyboard; name = Base; path = Base.lproj/Main.storyboard; sourceTree = "<group>"; };
		99D44B361CCDA86D005AB085 /* Assets.xcassets */ = {isa = PBXFileReference; lastKnownFileType = folder.assetcatalog; path = Assets.xcassets; sourceTree = "<group>"; };
		99D44B391CCDA86D005AB085 /* Base */ = {isa = PBXFileReference; lastKnownFileType = file.storyboard; name = Base; path = Base.lproj/LaunchScreen.storyboard; sourceTree = "<group>"; };
		99D44B3B1CCDA86D005AB085 /* Info.plist */ = {isa = PBXFileReference; lastKnownFileType = text.plist.xml; path = Info.plist; sourceTree = "<group>"; };
/* End PBXFileReference section */

/* Begin PBXFrameworksBuildPhase section */
		99D44B241CCDA86D005AB085 /* Frameworks */ = {
			isa = PBXFrameworksBuildPhase;
			buildActionMask = 2147483647;
			files = (
			);
			runOnlyForDeploymentPostprocessing = 0;
		};
/* End PBXFrameworksBuildPhase section */

/* Begin PBXGroup section */
		99D44B1E1CCDA86D005AB085 = {
			isa = PBXGroup;
			children = (
				99D44B291CCDA86D005AB085 /* ChatToOther */,
				99D44B281CCDA86D005AB085 /* Products */,
			);
			sourceTree = "<group>";
		};
		99D44B281CCDA86D005AB085 /* Products */ = {
			isa = PBXGroup;
			children = (
				99D44B271CCDA86D005AB085 /* ChatToOther.app */,
			);
			name = Products;
			sourceTree = "<group>";
		};
		99D44B291CCDA86D005AB085 /* ChatToOther */ = {
			isa = PBXGroup;
			children = (
				99D44B2D1CCDA86D005AB085 /* AppDelegate.h */,
				99D44B2E1CCDA86D005AB085 /* AppDelegate.m */,
				99D44B301CCDA86D005AB085 /* ViewController.h */,
				99D44B311CCDA86D005AB085 /* ViewController.m */,
				99D44B331CCDA86D005AB085 /* Main.storyboard */,
				99D44B361CCDA86D005AB085 /* Assets.xcassets */,
				99D44B381CCDA86D005AB085 /* LaunchScreen.storyboard */,
				99D44B3B1CCDA86D005AB085 /* Info.plist */,
				99D44B2A1CCDA86D005AB085 /* Supporting Files */,
			);
			path = ChatToOther;
			sourceTree = "<group>";
		};
		99D44B2A1CCDA86D005AB085 /* Supporting Files */ = {
			isa = PBXGroup;
			children = (
				99D44B2B1CCDA86D005AB085 /* main.m */,
			);
			name = "Supporting Files";
			sourceTree = "<group>";
		};
/* End PBXGroup section */

/* Begin PBXNativeTarget section */
		99D44B261CCDA86D005AB085 /* ChatToOther */ = {
			isa = PBXNativeTarget;
			buildConfigurationList = 99D44B3E1CCDA86D005AB085 /* Build configuration list for PBXNativeTarget "ChatToOther" */;
			buildPhases = (
				99D44B231CCDA86D005AB085 /* Sources */,
				99D44B241CCDA86D005AB085 /* Frameworks */,
				99D44B251CCDA86D005AB085 /* Resources */,
			);
			buildRules = (
			);
			dependencies = (
			);
			name = ChatToOther;
			productName = ChatToOther;
			productReference = 99D44B271CCDA86D005AB085 /* ChatToOther.app */;
			productType = "com.apple.product-type.application";
		};
/* End PBXNativeTarget section */

/* Begin PBXProject section */
		99D44B1F1CCDA86D005AB085 /* Project object */ = {
			isa = PBXProject;
			attributes = {
				LastUpgradeCheck = 0720;
				ORGANIZATIONNAME = allin;
				TargetAttributes = {
					99D44B261CCDA86D005AB085 = {
						CreatedOnToolsVersion = 7.2;
						DevelopmentTeam = Y6ASGLRCRA;
					};
				};
			};
			buildConfigurationList = 99D44B221CCDA86D005AB085 /* Build configuration list for PBXProject "ChatToOther" */;
			compatibilityVersion = "Xcode 3.2";
			developmentRegion = English;
			hasScannedForEncodings = 0;
			knownRegions = (
				en,
				Base,
			);
			mainGroup = 99D44B1E1CCDA86D005AB085;
			productRefGroup = 99D44B281CCDA86D005AB085 /* Products */;
			projectDirPath = "";
			projectRoot = "";
			targets = (
				99D44B261CCDA86D005AB085 /* ChatToOther */,
			);
		};
/* End PBXProject section */

/* Begin PBXResourcesBuildPhase section */
		99D44B251CCDA86D005AB085 /* Resources */ = {
			isa = PBXResourcesBuildPhase;
			buildActionMask = 2147483647;
			files = (
				99D44B3A1CCDA86D005AB085 /* LaunchScreen.storyboard in Resources */,
				99D44B371CCDA86D005AB085 /* Assets.xcassets in Resources */,
				99D44B351CCDA86D005AB085 /* Main.storyboard in Resources */,
			);
			runOnlyForDeploymentPostprocessing = 0;
		};
/* End PBXResourcesBuildPhase section */

/* Begin PBXSourcesBuildPhase section */
		99D44B231CCDA86D005AB085 /* Sources */ = {
			isa = PBXSourcesBuildPhase;
			buildActionMask = 2147483647;
			files = (
				99D44B321CCDA86D005AB085 /* ViewController.m in Sources */,
				99D44B2F1CCDA86D005AB085 /* AppDelegate.m in Sources */,
				99D44B2C1CCDA86D005AB085 /* main.m in Sources */,
			);
			runOnlyForDeploymentPostprocessing = 0;
		};
/* End PBXSourcesBuildPhase section */

/* Begin PBXVariantGroup section */
		99D44B331CCDA86D005AB085 /* Main.storyboard */ = {
			isa = PBXVariantGroup;
			children = (
				99D44B341CCDA86D005AB085 /* Base */,
			);
			name = Main.storyboard;
			sourceTree = "<group>";
		};
		99D44B381CCDA86D005AB085 /* LaunchScreen.storyboard */ = {
			isa = PBXVariantGroup;
			children = (
				99D44B391CCDA86D005AB085 /* Base */,
			);
			name = LaunchScreen.storyboard;
			sourceTree = "<group>";
		};
/* End PBXVariantGroup section */

/* Begin XCBuildConfiguration section */
		99D44B3C1CCDA86D005AB085 /* Debug */ = {
			isa = XCBuildConfiguration;
			buildSettings = {
				ALWAYS_SEARCH_USER_PATHS = NO;
				CLANG_CXX_LANGUAGE_STANDARD = "gnu++0x";
				CLANG_CXX_LIBRARY = "libc++";
				CLANG_ENABLE_MODULES = YES;
				CLANG_ENABLE_OBJC_ARC = YES;
				CLANG_WARN_BOOL_CONVERSION = YES;
				CLANG_WARN_CONSTANT_CONVERSION = YES;
				CLANG_WARN_DIRECT_OBJC_ISA_USAGE = YES_ERROR;
				CLANG_WARN_EMPTY_BODY = YES;
				CLANG_WARN_ENUM_CONVERSION = YES;
				CLANG_WARN_INT_CONVERSION = YES;
				CLANG_WARN_OBJC_ROOT_CLASS = YES_ERROR;
				CLANG_WARN_UNREACHABLE_CODE = YES;
				CLANG_WARN__DUPLICATE_METHOD_MATCH = YES;
				"CODE_SIGN_IDENTITY[sdk=iphoneos*]" = "iPhone Developer";
				COPY_PHASE_STRIP = NO;
				DEBUG_INFORMATION_FORMAT = dwarf;
				ENABLE_STRICT_OBJC_MSGSEND = YES;
				ENABLE_TESTABILITY = YES;
				GCC_C_LANGUAGE_STANDARD = gnu99;
				GCC_DYNAMIC_NO_PIC = NO;
				GCC_NO_COMMON_BLOCKS = YES;
				GCC_OPTIMIZATION_LEVEL = 0;
				GCC_PREPROCESSOR_DEFINITIONS = (
					"DEBUG=1",
					"$(inherited)",
				);
				GCC_WARN_64_TO_32_BIT_CONVERSION = YES;
				GCC_WARN_ABOUT_RETURN_TYPE = YES_ERROR;
				GCC_WARN_UNDECLARED_SELECTOR = YES;
				GCC_WARN_UNINITIALIZED_AUTOS = YES_AGGRESSIVE;
				GCC_WARN_UNUSED_FUNCTION = YES;
				GCC_WARN_UNUSED_VARIABLE = YES;
				IPHONEOS_DEPLOYMENT_TARGET = 9.2;
				MTL_ENABLE_DEBUG_INFO = YES;
				ONLY_ACTIVE_ARCH = YES;
				SDKROOT = iphoneos;
				TARGETED_DEVICE_FAMILY = "1,2";
			};
			name = Debug;
		};
		99D44B3D1CCDA86D005AB085 /* Release */ = {
			isa = XCBuildConfiguration;
			buildSettings = {
				ALWAYS_SEARCH_USER_PATHS = NO;
				CLANG_CXX_LANGUAGE_STANDARD = "gnu++0x";
				CLANG_CXX_LIBRARY = "libc++";
				CLANG_ENABLE_MODULES = YES;
				CLANG_ENABLE_OBJC_ARC = YES;
				CLANG_WARN_BOOL_CONVERSION = YES;
				CLANG_WARN_CONSTANT_CONVERSION = YES;
				CLANG_WARN_DIRECT_OBJC_ISA_USAGE = YES_ERROR;
				CLANG_WARN_EMPTY_BODY = YES;
				CLANG_WARN_ENUM_CONVERSION = YES;
				CLANG_WARN_INT_CONVERSION = YES;
				CLANG_WARN_OBJC_ROOT_CLASS = YES_ERROR;
				CLANG_WARN_UNREACHABLE_CODE = YES;
				CLANG_WARN__DUPLICATE_METHOD_MATCH = YES;
				"CODE_SIGN_IDENTITY[sdk=iphoneos*]" = "iPhone Developer";
				COPY_PHASE_STRIP = NO;
				DEBUG_INFORMATION_FORMAT = "dwarf-with-dsym";
				ENABLE_NS_ASSERTIONS = NO;
				ENABLE_STRICT_OBJC_MSGSEND = YES;
				GCC_C_LANGUAGE_STANDARD = gnu99;
				GCC_NO_COMMON_BLOCKS = YES;
				GCC_WARN_64_TO_32_BIT_CONVERSION = YES;
				GCC_WARN_ABOUT_RETURN_TYPE = YES_ERROR;
				GCC_WARN_UNDECLARED_SELECTOR = YES;
				GCC_WARN_UNINITIALIZED_AUTOS = YES_AGGRESSIVE;
				GCC_WARN_UNUSED_FUNCTION = YES;
				GCC_WARN_UNUSED_VARIABLE = YES;
				IPHONEOS_DEPLOYMENT_TARGET = 9.2;
				MTL_ENABLE_DEBUG_INFO = NO;
				SDKROOT = iphoneos;
				TARGETED_DEVICE_FAMILY = "1,2";
				VALIDATE_PRODUCT = YES;
			};
			name = Release;
		};
		99D44B3F1CCDA86D005AB085 /* Debug */ = {
			isa = XCBuildConfiguration;
			buildSettings = {
				ASSETCATALOG_COMPILER_APPICON_NAME = AppIcon;
				INFOPLIST_FILE = ChatToOther/Info.plist;
				LD_RUNPATH_SEARCH_PATHS = "$(inherited) @executable_path/Frameworks";
				PRODUCT_BUNDLE_IDENTIFIER = test.ChatToOther;
				PRODUCT_NAME = "$(TARGET_NAME)";
			};
			name = Debug;
		};
		99D44B401CCDA86D005AB085 /* Release */ = {
			isa = XCBuildConfiguration;
			buildSettings = {
				ASSETCATALOG_COMPILER_APPICON_NAME = AppIcon;
				INFOPLIST_FILE = ChatToOther/Info.plist;
				LD_RUNPATH_SEARCH_PATHS = "$(inherited) @executable_path/Frameworks";
				PRODUCT_BUNDLE_IDENTIFIER = test.ChatToOther;
				PRODUCT_NAME = "$(TARGET_NAME)";
			};
			name = Release;
		};
/* End XCBuildConfiguration section */

/* Begin XCConfigurationList section */
		99D44B221CCDA86D005AB085 /* Build configuration list for PBXProject "ChatToOther" */ = {
			isa = XCConfigurationList;
			buildConfigurations = (
				99D44B3C1CCDA86D005AB085 /* Debug */,
				99D44B3D1CCDA86D005AB085 /* Release */,
			);
			defaultConfigurationIsVisible = 0;
			defaultConfigurationName = Release;
		};
		99D44B3E1CCDA86D005AB085 /* Build configuration list for PBXNativeTarget "ChatToOther" */ = {
			isa = XCConfigurationList;
			buildConfigurations = (
				99D44B3F1CCDA86D005AB085 /* Debug */,
				99D44B401CCDA86D005AB085 /* Release */,
			);
			defaultConfigurationIsVisible = 0;
		};
/* End XCConfigurationList section */
	};
	rootObject = 99D44B1F1CCDA86D005AB085 /* Project object */;
}
